
Microsoft Visual Studio Solution File, Format Version 12.00
# Visual Studio 15
VisualStudioVersion = 15.0.27130.2003
MinimumVisualStudioVersion = 10.0.40219.1
Project("{9A19103F-16F7-4668-BE54-9A1E7A4F7556}") = "CryptoDiscordBot", "CryptoDiscordBot\CryptoDiscordBot.csproj", "{1289C66C-FB5D-4021-951C-D481919B85EC}"
EndProject
Global
	GlobalSection(SolutionConfigurationPlatforms) = preSolution
		Debug|Any CPU = Debug|Any CPU
		Release|Any CPU = Release|Any CPU
	EndGlobalSection
	GlobalSection(ProjectConfigurationPlatforms) = postSolution
		{1289C66C-FB5D-4021-951C-D481919B85EC}.Debug|Any CPU.ActiveCfg = Debug|Any CPU
		{1289C66C-FB5D-4021-951C-D481919B85EC}.Debug|Any CPU.Build.0 = Debug|Any CPU
		{1289C66C-FB5D-4021-951C-D481919B85EC}.Release|Any CPU.ActiveCfg = Release|Any CPU
		{1289C66C-FB5D-4021-951C-D481919B85EC}.Release|Any CPU.Build.0 = Release|Any CPU
	EndGlobalSection
	GlobalSection(SolutionProperties) = preSolution
		HideSolutionNode = FALSE
	EndGlobalSection
	GlobalSection(ExtensibilityGlobals) = postSolution
		SolutionGuid = {E5984FC4-483F-41B0-AA95-990F7DDA51DF}
	EndGlobalSection
EndGlobal
